<?xml version="1.0" encoding="utf-8"?>
<Project ToolsVersion="4.0" xmlns="http://schemas.microsoft.com/developer/msbuild/2003">
  <ItemGroup>
    <Filter Include="include">
      <UniqueIdentifier>{93995380-89BD-4b04-88EB-625FBE52EBFB}</UniqueIdentifier>
      <Extensions>h;hh;hpp;hxx;hm;inl;inc;xsd</Extensions>
    </Filter>
    <Filter Include="source">
      <UniqueIdentifier>{4FC737F1-C7A5-4376-A066-2A32D752A2FF}</UniqueIdentifier>
      <Extensions>cpp;c;cc;cxx;def;odl;idl;hpj;bat;asm;asmx</Extensions>
    </Filter>
  </ItemGroup>
  <ItemGroup>
    <ClInclude Include="include\file.h">
      <Filter>include</Filter>
    </ClInclude>
    <ClInclude Include="include\text_encoder.h">
      <Filter>include</Filter>
    </ClInclude>
    <ClInclude Include="include\mysql_helper.h">
      <Filter>include</Filter>
    </ClInclude>
    <ClInclude Include="include\environment.h">
      <Filter>include</Filter>
    </ClInclude>
    <ClInclude Include="include\log.h">
      <Filter>include</Filter>
    </ClInclude>
    <ClInclude Include="include\datetime.h">
      <Filter>include</Filter>
    </ClInclude>
    <ClInclude Include="include\convert.h">
      <Filter>include</Filter>
    </ClInclude>
    <ClInclude Include="include\host.h">
      <Filter>include</Filter>
    </ClInclude>
    <ClInclude Include="include\udp_socket.h">
      <Filter>include</Filter>
    </ClInclude>
    <ClInclude Include="include\tcp_socket.h">
      <Filter>include</Filter>
    </ClInclude>
    <ClInclude Include="include\socket.h">
      <Filter>include</Filter>
    </ClInclude>
    <ClInclude Include="include\md5.h">
      <Filter>include</Filter>
    </ClInclude>
  </ItemGroup>
  <ItemGroup>
    <ClCompile Include="src\file.cpp">
      <Filter>source</Filter>
    </ClCompile>
    <ClCompile Include="src\text_encoder.cpp">
      <Filter>source</Filter>
    </ClCompile>
    <ClCompile Include="src\mysql_helper.cpp">
      <Filter>source</Filter>
    </ClCompile>
    <ClCompile Include="src\datetime.cpp">
      <Filter>source</Filter>
    </ClCompile>
    <ClCompile Include="src\environment.cpp">
      <Filter>source</Filter>
    </ClCompile>
    <ClCompile Include="src\log.cpp">
      <Filter>source</Filter>
    </ClCompile>
    <ClCompile Include="src\convert.cpp">
      <Filter>source</Filter>
    </ClCompile>
    <ClCompile Include="src\host.cpp">
      <Filter>source</Filter>
    </ClCompile>
    <ClCompile Include="src\socket.cpp">
      <Filter>source</Filter>
    </ClCompile>
    <ClCompile Include="src\tcp_socket.cpp">
      <Filter>source</Filter>
    </ClCompile>
    <ClCompile Include="src\udp_socket.cpp">
      <Filter>source</Filter>
    </ClCompile>
    <ClCompile Include="src\md5.cpp">
      <Filter>source</Filter>
    </ClCompile>
  </ItemGroup>
</Project>